# This file is automatically @generated by Cargo.
# It is not intended for manual editing.
version = 4

[[package]]
name = "aoc_24"
version = "0.1.0"
dependencies = [
 "arrayvec",
 "compiler_builtins",
]

[[package]]
name = "arrayvec"
version = "0.7.6"
source = "registry+https://github.com/rust-lang/crates.io-index"
checksum = "7c02d123df017efcdfbd739ef81735b36c5ba83ec3c59c80a9d7ecc718f92e50"

[[package]]
name = "compiler_builtins"
version = "0.1.139"
source = "git+https://github.com/rust-lang/compiler-builtins#a09218f1c4d23ffbd97d68f0fefb5feed2469dc5"
